
Microsoft Visual Studio Solution File, Format Version 12.00
# Visual Studio Version 17
VisualStudioVersion = 17.0.31808.319
MinimumVisualStudioVersion = 10.0.40219.1
Project("{FAE04EC0-301F-11D3-BF4B-00C04F79EFBC}") = "TesteBanklyApi", "TesteBanklyApi\TesteBanklyApi.csproj", "{1BA879FF-CA76-46C3-9199-A546C5D9FBC6}"
EndProject
Global
	GlobalSection(SolutionConfigurationPlatforms) = preSolution
		Debug|Any CPU = Debug|Any CPU
		Release|Any CPU = Release|Any CPU
	EndGlobalSection
	GlobalSection(ProjectConfigurationPlatforms) = postSolution
		{1BA879FF-CA76-46C3-9199-A546C5D9FBC6}.Debug|Any CPU.ActiveCfg = Debug|Any CPU
		{1BA879FF-CA76-46C3-9199-A546C5D9FBC6}.Debug|Any CPU.Build.0 = Debug|Any CPU
		{1BA879FF-CA76-46C3-9199-A546C5D9FBC6}.Release|Any CPU.ActiveCfg = Release|Any CPU
		{1BA879FF-CA76-46C3-9199-A546C5D9FBC6}.Release|Any CPU.Build.0 = Release|Any CPU
	EndGlobalSection
	GlobalSection(SolutionProperties) = preSolution
		HideSolutionNode = FALSE
	EndGlobalSection
	GlobalSection(ExtensibilityGlobals) = postSolution
		SolutionGuid = {87D1910D-A316-4B21-869A-BCE076DD5212}
	EndGlobalSection
EndGlobal
